
Microsoft Visual Studio Solution File, Format Version 12.00
# Visual Studio Version 17
VisualStudioVersion = 17.6.33829.357
MinimumVisualStudioVersion = 10.0.40219.1
Project("{FAE04EC0-301F-11D3-BF4B-00C04F79EFBC}") = "NguyenNgocHaiDuong_27_ThiCSharp", "NguyenNgocHaiDuong_27_ThiCSharp.csproj", "{4D68EBE3-C3EF-40C4-BF12-944467F58719}"
EndProject
Global
	GlobalSection(SolutionConfigurationPlatforms) = preSolution
		Debug|Any CPU = Debug|Any CPU
		Release|Any CPU = Release|Any CPU
	EndGlobalSection
	GlobalSection(ProjectConfigurationPlatforms) = postSolution
		{4D68EBE3-C3EF-40C4-BF12-944467F58719}.Debug|Any CPU.ActiveCfg = Debug|Any CPU
		{4D68EBE3-C3EF-40C4-BF12-944467F58719}.Debug|Any CPU.Build.0 = Debug|Any CPU
		{4D68EBE3-C3EF-40C4-BF12-944467F58719}.Release|Any CPU.ActiveCfg = Release|Any CPU
		{4D68EBE3-C3EF-40C4-BF12-944467F58719}.Release|Any CPU.Build.0 = Release|Any CPU
	EndGlobalSection
	GlobalSection(SolutionProperties) = preSolution
		HideSolutionNode = FALSE
	EndGlobalSection
	GlobalSection(ExtensibilityGlobals) = postSolution
		SolutionGuid = {5BD10FD6-8A47-4EF6-AA8D-09E9130B44D1}
	EndGlobalSection
EndGlobal
